// !$*UTF8*$!
{
	archiveVersion = 1;
	classes = {
	};
	objectVersion = 56;
	objects = {

/* Begin PBXBuildFile section */
		E12545572976B05300871FCC /* RMCharacterPhotoCollectionViewCell.swift in Sources */ = {isa = PBXBuildFile; fileRef = E12545562976B05300871FCC /* RMCharacterPhotoCollectionViewCell.swift */; };
		E12545592976B07300871FCC /* RMCharacterInfoCollectionViewCell.swift in Sources */ = {isa = PBXBuildFile; fileRef = E12545582976B07300871FCC /* RMCharacterInfoCollectionViewCell.swift */; };
		E125455B2976B08B00871FCC /* RMCharacterEpisodeCollectionViewCell.swift in Sources */ = {isa = PBXBuildFile; fileRef = E125455A2976B08B00871FCC /* RMCharacterEpisodeCollectionViewCell.swift */; };
		E125455E2976B10400871FCC /* RMCharacterPhotoCollectionViewCellViewModel.swift in Sources */ = {isa = PBXBuildFile; fileRef = E125455D2976B10400871FCC /* RMCharacterPhotoCollectionViewCellViewModel.swift */; };
		E12545602976B14100871FCC /* RMCharacterInfoCollectionViewCellViewModel.swift in Sources */ = {isa = PBXBuildFile; fileRef = E125455F2976B14100871FCC /* RMCharacterInfoCollectionViewCellViewModel.swift */; };
		E12545622976B16600871FCC /* RMCharacterEpisodeCollectionViewCellViewModel.swift in Sources */ = {isa = PBXBuildFile; fileRef = E12545612976B16600871FCC /* RMCharacterEpisodeCollectionViewCellViewModel.swift */; };
		E12B6554295C59B700F6150F /* RMLocation.swift in Sources */ = {isa = PBXBuildFile; fileRef = E12B6553295C59B700F6150F /* RMLocation.swift */; };
		E12B6556295C59D100F6150F /* RMCharacter.swift in Sources */ = {isa = PBXBuildFile; fileRef = E12B6555295C59D100F6150F /* RMCharacter.swift */; };
		E12B6558295C59EF00F6150F /* RMEpisode.swift in Sources */ = {isa = PBXBuildFile; fileRef = E12B6557295C59EF00F6150F /* RMEpisode.swift */; };
		E12B655B295C5A8400F6150F /* RMCharacterViewController.swift in Sources */ = {isa = PBXBuildFile; fileRef = E12B655A295C5A8400F6150F /* RMCharacterViewController.swift */; };
		E16359952982913100DC282F /* RMSettingsViewViewModel.swift in Sources */ = {isa = PBXBuildFile; fileRef = E16359942982913100DC282F /* RMSettingsViewViewModel.swift */; };
		E16359972982918500DC282F /* RMSettingsCellViewModel.swift in Sources */ = {isa = PBXBuildFile; fileRef = E16359962982918500DC282F /* RMSettingsCellViewModel.swift */; };
		E1635999298292DE00DC282F /* RMSettingsOption.swift in Sources */ = {isa = PBXBuildFile; fileRef = E1635998298292DE00DC282F /* RMSettingsOption.swift */; };
		E163599C2982A78F00DC282F /* RMSettingsView.swift in Sources */ = {isa = PBXBuildFile; fileRef = E163599B2982A78F00DC282F /* RMSettingsView.swift */; };
		E1691DA9296C6EF300E0EFF4 /* RMCharacterCollectionViewCellViewModel.swift in Sources */ = {isa = PBXBuildFile; fileRef = E1691DA8296C6EF300E0EFF4 /* RMCharacterCollectionViewCellViewModel.swift */; };
		E16D10452979589900AEB6B9 /* RMEpisodeDetailViewController.swift in Sources */ = {isa = PBXBuildFile; fileRef = E16D10442979589900AEB6B9 /* RMEpisodeDetailViewController.swift */; };
		E16D104729799E2200AEB6B9 /* RMAPICacheManager.swift in Sources */ = {isa = PBXBuildFile; fileRef = E16D104629799E2200AEB6B9 /* RMAPICacheManager.swift */; };
		E16D10492979A86000AEB6B9 /* RMEpisodeDetailViewViewModel.swift in Sources */ = {isa = PBXBuildFile; fileRef = E16D10482979A86000AEB6B9 /* RMEpisodeDetailViewViewModel.swift */; };
		E16D104B2979A8FA00AEB6B9 /* RMEpisodeDetailView.swift in Sources */ = {isa = PBXBuildFile; fileRef = E16D104A2979A8FA00AEB6B9 /* RMEpisodeDetailView.swift */; };
		E16D104E2979B8C900AEB6B9 /* RMEpisodeListView.swift in Sources */ = {isa = PBXBuildFile; fileRef = E16D104D2979B8C900AEB6B9 /* RMEpisodeListView.swift */; };
		E16D10502979BE5800AEB6B9 /* RMEpisodeListViewViewModel.swift in Sources */ = {isa = PBXBuildFile; fileRef = E16D104F2979BE5800AEB6B9 /* RMEpisodeListViewViewModel.swift */; };
		E16D10522979CD0D00AEB6B9 /* FileRMGetAllEpisodesResponse.swift in Sources */ = {isa = PBXBuildFile; fileRef = E16D10512979CD0D00AEB6B9 /* FileRMGetAllEpisodesResponse.swift */; };
		E17BA0AF295EFE8300ED55BC /* RMEndpoint.swift in Sources */ = {isa = PBXBuildFile; fileRef = E17BA0AE295EFE8300ED55BC /* RMEndpoint.swift */; };
		E17BA0B1295F11A000ED55BC /* RMOrigin.swift in Sources */ = {isa = PBXBuildFile; fileRef = E17BA0B0295F11A000ED55BC /* RMOrigin.swift */; };
		E17BA0B3295F125300ED55BC /* RMSingleLocation.swift in Sources */ = {isa = PBXBuildFile; fileRef = E17BA0B2295F125300ED55BC /* RMSingleLocation.swift */; };
		E17BA0B5295F13C000ED55BC /* RMCharacterStatus.swift in Sources */ = {isa = PBXBuildFile; fileRef = E17BA0B4295F13C000ED55BC /* RMCharacterStatus.swift */; };
		E17BA0B7295F146A00ED55BC /* RMCharacterGender.swift in Sources */ = {isa = PBXBuildFile; fileRef = E17BA0B6295F146A00ED55BC /* RMCharacterGender.swift */; };
		E17DF2FB295EFB75006C1B4D /* RMService.swift in Sources */ = {isa = PBXBuildFile; fileRef = E17DF2FA295EFB75006C1B4D /* RMService.swift */; };
		E17DF2FD295EFB88006C1B4D /* RMRequest.swift in Sources */ = {isa = PBXBuildFile; fileRef = E17DF2FC295EFB88006C1B4D /* RMRequest.swift */; };
		E195766D295C648C004D9AA5 /* RMLocationViewController.swift in Sources */ = {isa = PBXBuildFile; fileRef = E195766C295C648C004D9AA5 /* RMLocationViewController.swift */; };
		E195766F295C649D004D9AA5 /* RMEpisodeViewController.swift in Sources */ = {isa = PBXBuildFile; fileRef = E195766E295C649D004D9AA5 /* RMEpisodeViewController.swift */; };
		E1957671295C64B0004D9AA5 /* RMSettingsViewController.swift in Sources */ = {isa = PBXBuildFile; fileRef = E1957670295C64B0004D9AA5 /* RMSettingsViewController.swift */; };
		E1989F1729672B91000286AA /* Extensions.swift in Sources */ = {isa = PBXBuildFile; fileRef = E1989F1629672B91000286AA /* Extensions.swift */; };
		E1989F19296742AC000286AA /* RMCharacterCollectionViewCell.swift in Sources */ = {isa = PBXBuildFile; fileRef = E1989F18296742AC000286AA /* RMCharacterCollectionViewCell.swift */; };
		E19DFCD22965B4BA00C77D47 /* RMGetAllCharactersResponse.swift in Sources */ = {isa = PBXBuildFile; fileRef = E19DFCD12965B4BA00C77D47 /* RMGetAllCharactersResponse.swift */; };
		E19DFCD42965CF9D00C77D47 /* RMCharacterListViewViewModel.swift in Sources */ = {isa = PBXBuildFile; fileRef = E19DFCD32965CF9D00C77D47 /* RMCharacterListViewViewModel.swift */; };
		E19DFCD62965D04B00C77D47 /* RMCharacterListView.swift in Sources */ = {isa = PBXBuildFile; fileRef = E19DFCD52965D04B00C77D47 /* RMCharacterListView.swift */; };
		E1A2650F297AB85000990A92 /* RMSearchViewController.swift in Sources */ = {isa = PBXBuildFile; fileRef = E1A2650E297AB84F00990A92 /* RMSearchViewController.swift */; };
		E1A2794C2959C5B1001C64DB /* AppDelegate.swift in Sources */ = {isa = PBXBuildFile; fileRef = E1A2794B2959C5B1001C64DB /* AppDelegate.swift */; };
		E1A2794E2959C5B1001C64DB /* SceneDelegate.swift in Sources */ = {isa = PBXBuildFile; fileRef = E1A2794D2959C5B1001C64DB /* SceneDelegate.swift */; };
		E1A279502959C5B1001C64DB /* RMTabBarController.swift in Sources */ = {isa = PBXBuildFile; fileRef = E1A2794F2959C5B1001C64DB /* RMTabBarController.swift */; };
		E1A279552959C5B4001C64DB /* Assets.xcassets in Resources */ = {isa = PBXBuildFile; fileRef = E1A279542959C5B4001C64DB /* Assets.xcassets */; };
		E1A279582959C5B4001C64DB /* LaunchScreen.storyboard in Resources */ = {isa = PBXBuildFile; fileRef = E1A279562959C5B4001C64DB /* LaunchScreen.storyboard */; };
		E1B33458296D87F60041D40E /* RMCharacterDetailViewController.swift in Sources */ = {isa = PBXBuildFile; fileRef = E1B33457296D87F60041D40E /* RMCharacterDetailViewController.swift */; };
		E1B3345A296D88EF0041D40E /* RMCharacterDetailView.swift in Sources */ = {isa = PBXBuildFile; fileRef = E1B33459296D88EF0041D40E /* RMCharacterDetailView.swift */; };
		E1B3345C296D89190041D40E /* RMCharacterDetailViewViewModel.swift in Sources */ = {isa = PBXBuildFile; fileRef = E1B3345B296D89190041D40E /* RMCharacterDetailViewViewModel.swift */; };
		E1B3345E296DDA7E0041D40E /* RMFooterLoadingCollectionReusableView.swift in Sources */ = {isa = PBXBuildFile; fileRef = E1B3345D296DDA7E0041D40E /* RMFooterLoadingCollectionReusableView.swift */; };
		E1B43BB7297FF8E3003F014C /* RMEpisodeInfoCollectionViewCell.swift in Sources */ = {isa = PBXBuildFile; fileRef = E1B43BB6297FF8E3003F014C /* RMEpisodeInfoCollectionViewCell.swift */; };
		E1B43BBA297FF936003F014C /* RMEpisodeInfoCollectionViewCellViewModel.swift in Sources */ = {isa = PBXBuildFile; fileRef = E1B43BB9297FF936003F014C /* RMEpisodeInfoCollectionViewCellViewModel.swift */; };
		E1DCE527297176BD00BC1045 /* RMImageLoader.swift in Sources */ = {isa = PBXBuildFile; fileRef = E1DCE526297176BD00BC1045 /* RMImageLoader.swift */; };
/* End PBXBuildFile section */

/* Begin PBXFileReference section */
		E12545562976B05300871FCC /* RMCharacterPhotoCollectionViewCell.swift */ = {isa = PBXFileReference; lastKnownFileType = sourcecode.swift; path = RMCharacterPhotoCollectionViewCell.swift; sourceTree = "<group>"; };
		E12545582976B07300871FCC /* RMCharacterInfoCollectionViewCell.swift */ = {isa = PBXFileReference; lastKnownFileType = sourcecode.swift; path = RMCharacterInfoCollectionViewCell.swift; sourceTree = "<group>"; };
		E125455A2976B08B00871FCC /* RMCharacterEpisodeCollectionViewCell.swift */ = {isa = PBXFileReference; lastKnownFileType = sourcecode.swift; path = RMCharacterEpisodeCollectionViewCell.swift; sourceTree = "<group>"; };
		E125455D2976B10400871FCC /* RMCharacterPhotoCollectionViewCellViewModel.swift */ = {isa = PBXFileReference; lastKnownFileType = sourcecode.swift; path = RMCharacterPhotoCollectionViewCellViewModel.swift; sourceTree = "<group>"; };
		E125455F2976B14100871FCC /* RMCharacterInfoCollectionViewCellViewModel.swift */ = {isa = PBXFileReference; lastKnownFileType = sourcecode.swift; path = RMCharacterInfoCollectionViewCellViewModel.swift; sourceTree = "<group>"; };
		E12545612976B16600871FCC /* RMCharacterEpisodeCollectionViewCellViewModel.swift */ = {isa = PBXFileReference; lastKnownFileType = sourcecode.swift; path = RMCharacterEpisodeCollectionViewCellViewModel.swift; sourceTree = "<group>"; };
		E12B6553295C59B700F6150F /* RMLocation.swift */ = {isa = PBXFileReference; lastKnownFileType = sourcecode.swift; path = RMLocation.swift; sourceTree = "<group>"; };
		E12B6555295C59D100F6150F /* RMCharacter.swift */ = {isa = PBXFileReference; lastKnownFileType = sourcecode.swift; path = RMCharacter.swift; sourceTree = "<group>"; };
		E12B6557295C59EF00F6150F /* RMEpisode.swift */ = {isa = PBXFileReference; lastKnownFileType = sourcecode.swift; path = RMEpisode.swift; sourceTree = "<group>"; };
		E12B655A295C5A8400F6150F /* RMCharacterViewController.swift */ = {isa = PBXFileReference; lastKnownFileType = sourcecode.swift; path = RMCharacterViewController.swift; sourceTree = "<group>"; };
		E16359942982913100DC282F /* RMSettingsViewViewModel.swift */ = {isa = PBXFileReference; lastKnownFileType = sourcecode.swift; path = RMSettingsViewViewModel.swift; sourceTree = "<group>"; };
		E16359962982918500DC282F /* RMSettingsCellViewModel.swift */ = {isa = PBXFileReference; lastKnownFileType = sourcecode.swift; path = RMSettingsCellViewModel.swift; sourceTree = "<group>"; };
		E1635998298292DE00DC282F /* RMSettingsOption.swift */ = {isa = PBXFileReference; lastKnownFileType = sourcecode.swift; path = RMSettingsOption.swift; sourceTree = "<group>"; };
		E163599B2982A78F00DC282F /* RMSettingsView.swift */ = {isa = PBXFileReference; lastKnownFileType = sourcecode.swift; path = RMSettingsView.swift; sourceTree = "<group>"; };
		E1691DA8296C6EF300E0EFF4 /* RMCharacterCollectionViewCellViewModel.swift */ = {isa = PBXFileReference; lastKnownFileType = sourcecode.swift; path = RMCharacterCollectionViewCellViewModel.swift; sourceTree = "<group>"; };
		E16D10442979589900AEB6B9 /* RMEpisodeDetailViewController.swift */ = {isa = PBXFileReference; lastKnownFileType = sourcecode.swift; path = RMEpisodeDetailViewController.swift; sourceTree = "<group>"; };
		E16D104629799E2200AEB6B9 /* RMAPICacheManager.swift */ = {isa = PBXFileReference; lastKnownFileType = sourcecode.swift; path = RMAPICacheManager.swift; sourceTree = "<group>"; };
		E16D10482979A86000AEB6B9 /* RMEpisodeDetailViewViewModel.swift */ = {isa = PBXFileReference; lastKnownFileType = sourcecode.swift; path = RMEpisodeDetailViewViewModel.swift; sourceTree = "<group>"; };
		E16D104A2979A8FA00AEB6B9 /* RMEpisodeDetailView.swift */ = {isa = PBXFileReference; lastKnownFileType = sourcecode.swift; path = RMEpisodeDetailView.swift; sourceTree = "<group>"; };
		E16D104D2979B8C900AEB6B9 /* RMEpisodeListView.swift */ = {isa = PBXFileReference; lastKnownFileType = sourcecode.swift; path = RMEpisodeListView.swift; sourceTree = "<group>"; };
		E16D104F2979BE5800AEB6B9 /* RMEpisodeListViewViewModel.swift */ = {isa = PBXFileReference; lastKnownFileType = sourcecode.swift; path = RMEpisodeListViewViewModel.swift; sourceTree = "<group>"; };
		E16D10512979CD0D00AEB6B9 /* FileRMGetAllEpisodesResponse.swift */ = {isa = PBXFileReference; lastKnownFileType = sourcecode.swift; path = FileRMGetAllEpisodesResponse.swift; sourceTree = "<group>"; };
		E17BA0AE295EFE8300ED55BC /* RMEndpoint.swift */ = {isa = PBXFileReference; lastKnownFileType = sourcecode.swift; name = RMEndpoint.swift; path = gitPullTests/RMEndpoint.swift; sourceTree = SOURCE_ROOT; };
		E17BA0B0295F11A000ED55BC /* RMOrigin.swift */ = {isa = PBXFileReference; lastKnownFileType = sourcecode.swift; path = RMOrigin.swift; sourceTree = "<group>"; };
		E17BA0B2295F125300ED55BC /* RMSingleLocation.swift */ = {isa = PBXFileReference; lastKnownFileType = sourcecode.swift; path = RMSingleLocation.swift; sourceTree = "<group>"; };
		E17BA0B4295F13C000ED55BC /* RMCharacterStatus.swift */ = {isa = PBXFileReference; lastKnownFileType = sourcecode.swift; path = RMCharacterStatus.swift; sourceTree = "<group>"; };
		E17BA0B6295F146A00ED55BC /* RMCharacterGender.swift */ = {isa = PBXFileReference; lastKnownFileType = sourcecode.swift; path = RMCharacterGender.swift; sourceTree = "<group>"; };
		E17DF2FA295EFB75006C1B4D /* RMService.swift */ = {isa = PBXFileReference; lastKnownFileType = sourcecode.swift; name = RMService.swift; path = gitPullTests/RMService.swift; sourceTree = SOURCE_ROOT; };
		E17DF2FC295EFB88006C1B4D /* RMRequest.swift */ = {isa = PBXFileReference; lastKnownFileType = sourcecode.swift; name = RMRequest.swift; path = gitPullTests/RMRequest.swift; sourceTree = SOURCE_ROOT; };
		E195766C295C648C004D9AA5 /* RMLocationViewController.swift */ = {isa = PBXFileReference; lastKnownFileType = sourcecode.swift; path = RMLocationViewController.swift; sourceTree = "<group>"; };
		E195766E295C649D004D9AA5 /* RMEpisodeViewController.swift */ = {isa = PBXFileReference; lastKnownFileType = sourcecode.swift; path = RMEpisodeViewController.swift; sourceTree = "<group>"; };
		E1957670295C64B0004D9AA5 /* RMSettingsViewController.swift */ = {isa = PBXFileReference; lastKnownFileType = sourcecode.swift; path = RMSettingsViewController.swift; sourceTree = "<group>"; };
		E1989F1629672B91000286AA /* Extensions.swift */ = {isa = PBXFileReference; lastKnownFileType = sourcecode.swift; path = Extensions.swift; sourceTree = "<group>"; };
		E1989F18296742AC000286AA /* RMCharacterCollectionViewCell.swift */ = {isa = PBXFileReference; lastKnownFileType = sourcecode.swift; path = RMCharacterCollectionViewCell.swift; sourceTree = "<group>"; };
		E19DFCD12965B4BA00C77D47 /* RMGetAllCharactersResponse.swift */ = {isa = PBXFileReference; lastKnownFileType = sourcecode.swift; path = RMGetAllCharactersResponse.swift; sourceTree = "<group>"; };
		E19DFCD32965CF9D00C77D47 /* RMCharacterListViewViewModel.swift */ = {isa = PBXFileReference; lastKnownFileType = sourcecode.swift; path = RMCharacterListViewViewModel.swift; sourceTree = "<group>"; };
		E19DFCD52965D04B00C77D47 /* RMCharacterListView.swift */ = {isa = PBXFileReference; lastKnownFileType = sourcecode.swift; path = RMCharacterListView.swift; sourceTree = "<group>"; };
		E1A2650E297AB84F00990A92 /* RMSearchViewController.swift */ = {isa = PBXFileReference; lastKnownFileType = sourcecode.swift; path = RMSearchViewController.swift; sourceTree = "<group>"; };
		E1A279482959C5B1001C64DB /* gitPullTests.app */ = {isa = PBXFileReference; explicitFileType = wrapper.application; includeInIndex = 0; path = gitPullTests.app; sourceTree = BUILT_PRODUCTS_DIR; };
		E1A2794B2959C5B1001C64DB /* AppDelegate.swift */ = {isa = PBXFileReference; lastKnownFileType = sourcecode.swift; path = AppDelegate.swift; sourceTree = "<group>"; };
		E1A2794D2959C5B1001C64DB /* SceneDelegate.swift */ = {isa = PBXFileReference; lastKnownFileType = sourcecode.swift; path = SceneDelegate.swift; sourceTree = "<group>"; };
		E1A2794F2959C5B1001C64DB /* RMTabBarController.swift */ = {isa = PBXFileReference; lastKnownFileType = sourcecode.swift; path = RMTabBarController.swift; sourceTree = "<group>"; };
		E1A279542959C5B4001C64DB /* Assets.xcassets */ = {isa = PBXFileReference; lastKnownFileType = folder.assetcatalog; path = Assets.xcassets; sourceTree = "<group>"; };
		E1A279572959C5B4001C64DB /* Base */ = {isa = PBXFileReference; lastKnownFileType = file.storyboard; name = Base; path = Base.lproj/LaunchScreen.storyboard; sourceTree = "<group>"; };
		E1A279592959C5B4001C64DB /* Info.plist */ = {isa = PBXFileReference; lastKnownFileType = text.plist.xml; path = Info.plist; sourceTree = "<group>"; };
		E1B33457296D87F60041D40E /* RMCharacterDetailViewController.swift */ = {isa = PBXFileReference; lastKnownFileType = sourcecode.swift; path = RMCharacterDetailViewController.swift; sourceTree = "<group>"; };
		E1B33459296D88EF0041D40E /* RMCharacterDetailView.swift */ = {isa = PBXFileReference; lastKnownFileType = sourcecode.swift; path = RMCharacterDetailView.swift; sourceTree = "<group>"; };
		E1B3345B296D89190041D40E /* RMCharacterDetailViewViewModel.swift */ = {isa = PBXFileReference; lastKnownFileType = sourcecode.swift; path = RMCharacterDetailViewViewModel.swift; sourceTree = "<group>"; };
		E1B3345D296DDA7E0041D40E /* RMFooterLoadingCollectionReusableView.swift */ = {isa = PBXFileReference; lastKnownFileType = sourcecode.swift; path = RMFooterLoadingCollectionReusableView.swift; sourceTree = "<group>"; };
		E1B43BB6297FF8E3003F014C /* RMEpisodeInfoCollectionViewCell.swift */ = {isa = PBXFileReference; lastKnownFileType = sourcecode.swift; path = RMEpisodeInfoCollectionViewCell.swift; sourceTree = "<group>"; };
		E1B43BB9297FF936003F014C /* RMEpisodeInfoCollectionViewCellViewModel.swift */ = {isa = PBXFileReference; lastKnownFileType = sourcecode.swift; path = RMEpisodeInfoCollectionViewCellViewModel.swift; sourceTree = "<group>"; };
		E1DCE526297176BD00BC1045 /* RMImageLoader.swift */ = {isa = PBXFileReference; lastKnownFileType = sourcecode.swift; path = RMImageLoader.swift; sourceTree = "<group>"; };
/* End PBXFileReference section */

/* Begin PBXFrameworksBuildPhase section */
		E1A279452959C5B1001C64DB /* Frameworks */ = {
			isa = PBXFrameworksBuildPhase;
			buildActionMask = 2147483647;
			files = (
			);
			runOnlyForDeploymentPostprocessing = 0;
		};
/* End PBXFrameworksBuildPhase section */

/* Begin PBXGroup section */
		E12545542976AFCD00871FCC /* CharacterDetails */ = {
			isa = PBXGroup;
			children = (
				E1B33459296D88EF0041D40E /* RMCharacterDetailView.swift */,
				E12545562976B05300871FCC /* RMCharacterPhotoCollectionViewCell.swift */,
				E12545582976B07300871FCC /* RMCharacterInfoCollectionViewCell.swift */,
				E125455A2976B08B00871FCC /* RMCharacterEpisodeCollectionViewCell.swift */,
			);
			path = CharacterDetails;
			sourceTree = "<group>";
		};
		E12545552976AFE800871FCC /* Character */ = {
			isa = PBXGroup;
			children = (
				E1989F18296742AC000286AA /* RMCharacterCollectionViewCell.swift */,
				E19DFCD52965D04B00C77D47 /* RMCharacterListView.swift */,
			);
			path = Character;
			sourceTree = "<group>";
		};
		E125455C2976B0B600871FCC /* CharacterDetail */ = {
			isa = PBXGroup;
			children = (
				E1B3345B296D89190041D40E /* RMCharacterDetailViewViewModel.swift */,
				E125455D2976B10400871FCC /* RMCharacterPhotoCollectionViewCellViewModel.swift */,
				E125455F2976B14100871FCC /* RMCharacterInfoCollectionViewCellViewModel.swift */,
				E12545612976B16600871FCC /* RMCharacterEpisodeCollectionViewCellViewModel.swift */,
			);
			path = CharacterDetail;
			sourceTree = "<group>";
		};
		E12B654C295C571100F6150F /* Controllers */ = {
			isa = PBXGroup;
			children = (
				E1B33456296D877D0041D40E /* Other */,
				E12B6559295C5A5F00F6150F /* Core */,
			);
			path = Controllers;
			sourceTree = "<group>";
		};
		E12B654D295C571E00F6150F /* Models */ = {
			isa = PBXGroup;
			children = (
				E19DFCD02965B47B00C77D47 /* APIResponseTypes */,
				E19DFCCF2965B46400C77D47 /* DataTypes */,
			);
			path = Models;
			sourceTree = "<group>";
		};
		E12B654E295C572C00F6150F /* Views */ = {
			isa = PBXGroup;
			children = (
				E163599A2982A76900DC282F /* SwiftUI */,
				E1B43BB5297FF895003F014C /* EpisodeDetails */,
				E16D104C2979B8A700AEB6B9 /* Episode */,
				E12545552976AFE800871FCC /* Character */,
				E12545542976AFCD00871FCC /* CharacterDetails */,
				E1B3345D296DDA7E0041D40E /* RMFooterLoadingCollectionReusableView.swift */,
			);
			path = Views;
			sourceTree = "<group>";
		};
		E12B654F295C573300F6150F /* viewModels */ = {
			isa = PBXGroup;
			children = (
				E16359932982911200DC282F /* Settings */,
				E1B43BB8297FF908003F014C /* EpisodeDetail */,
				E125455C2976B0B600871FCC /* CharacterDetail */,
				E19DFCD32965CF9D00C77D47 /* RMCharacterListViewViewModel.swift */,
				E1691DA8296C6EF300E0EFF4 /* RMCharacterCollectionViewCellViewModel.swift */,
				E16D104F2979BE5800AEB6B9 /* RMEpisodeListViewViewModel.swift */,
			);
			path = viewModels;
			sourceTree = "<group>";
		};
		E12B6550295C575100F6150F /* API */ = {
			isa = PBXGroup;
			children = (
				E17DF2FA295EFB75006C1B4D /* RMService.swift */,
				E17DF2FC295EFB88006C1B4D /* RMRequest.swift */,
				E17BA0AE295EFE8300ED55BC /* RMEndpoint.swift */,
			);
			path = API;
			sourceTree = "<group>";
		};
		E12B6551295C576100F6150F /* Managers */ = {
			isa = PBXGroup;
			children = (
				E1DCE526297176BD00BC1045 /* RMImageLoader.swift */,
				E16D104629799E2200AEB6B9 /* RMAPICacheManager.swift */,
			);
			path = Managers;
			sourceTree = "<group>";
		};
		E12B6552295C577100F6150F /* Resources */ = {
			isa = PBXGroup;
			children = (
				E1A2794D2959C5B1001C64DB /* SceneDelegate.swift */,
				E1989F1629672B91000286AA /* Extensions.swift */,
				E1A2794B2959C5B1001C64DB /* AppDelegate.swift */,
				E1A279562959C5B4001C64DB /* LaunchScreen.storyboard */,
				E1A279542959C5B4001C64DB /* Assets.xcassets */,
			);
			path = Resources;
			sourceTree = "<group>";
		};
		E12B6559295C5A5F00F6150F /* Core */ = {
			isa = PBXGroup;
			children = (
				E1A2794F2959C5B1001C64DB /* RMTabBarController.swift */,
				E12B655A295C5A8400F6150F /* RMCharacterViewController.swift */,
				E195766C295C648C004D9AA5 /* RMLocationViewController.swift */,
				E195766E295C649D004D9AA5 /* RMEpisodeViewController.swift */,
				E1957670295C64B0004D9AA5 /* RMSettingsViewController.swift */,
			);
			path = Core;
			sourceTree = "<group>";
		};
		E16359932982911200DC282F /* Settings */ = {
			isa = PBXGroup;
			children = (
				E16359942982913100DC282F /* RMSettingsViewViewModel.swift */,
				E16359962982918500DC282F /* RMSettingsCellViewModel.swift */,
				E1635998298292DE00DC282F /* RMSettingsOption.swift */,
			);
			path = Settings;
			sourceTree = "<group>";
		};
		E163599A2982A76900DC282F /* SwiftUI */ = {
			isa = PBXGroup;
			children = (
				E163599B2982A78F00DC282F /* RMSettingsView.swift */,
			);
			path = SwiftUI;
			sourceTree = "<group>";
		};
		E16D104C2979B8A700AEB6B9 /* Episode */ = {
			isa = PBXGroup;
			children = (
				E16D104D2979B8C900AEB6B9 /* RMEpisodeListView.swift */,
			);
			path = Episode;
			sourceTree = "<group>";
		};
		E19DFCCF2965B46400C77D47 /* DataTypes */ = {
			isa = PBXGroup;
			children = (
				E12B6553295C59B700F6150F /* RMLocation.swift */,
				E17BA0B4295F13C000ED55BC /* RMCharacterStatus.swift */,
				E17BA0B6295F146A00ED55BC /* RMCharacterGender.swift */,
				E17BA0B2295F125300ED55BC /* RMSingleLocation.swift */,
				E12B6555295C59D100F6150F /* RMCharacter.swift */,
				E12B6557295C59EF00F6150F /* RMEpisode.swift */,
				E17BA0B0295F11A000ED55BC /* RMOrigin.swift */,
			);
			path = DataTypes;
			sourceTree = "<group>";
		};
		E19DFCD02965B47B00C77D47 /* APIResponseTypes */ = {
			isa = PBXGroup;
			children = (
				E19DFCD12965B4BA00C77D47 /* RMGetAllCharactersResponse.swift */,
				E16D10512979CD0D00AEB6B9 /* FileRMGetAllEpisodesResponse.swift */,
			);
			path = APIResponseTypes;
			sourceTree = "<group>";
		};
		E1A2793F2959C5B1001C64DB = {
			isa = PBXGroup;
			children = (
				E1A2794A2959C5B1001C64DB /* gitPullTests */,
				E1A279492959C5B1001C64DB /* Products */,
			);
			sourceTree = "<group>";
		};
		E1A279492959C5B1001C64DB /* Products */ = {
			isa = PBXGroup;
			children = (
				E1A279482959C5B1001C64DB /* gitPullTests.app */,
			);
			name = Products;
			sourceTree = "<group>";
		};
		E1A2794A2959C5B1001C64DB /* gitPullTests */ = {
			isa = PBXGroup;
			children = (
				E1A279592959C5B4001C64DB /* Info.plist */,
				E12B6552295C577100F6150F /* Resources */,
				E12B6551295C576100F6150F /* Managers */,
				E12B6550295C575100F6150F /* API */,
				E12B654F295C573300F6150F /* viewModels */,
				E12B654E295C572C00F6150F /* Views */,
				E12B654D295C571E00F6150F /* Models */,
				E12B654C295C571100F6150F /* Controllers */,
			);
			path = gitPullTests;
			sourceTree = "<group>";
		};
		E1B33456296D877D0041D40E /* Other */ = {
			isa = PBXGroup;
			children = (
				E1B33457296D87F60041D40E /* RMCharacterDetailViewController.swift */,
				E16D10442979589900AEB6B9 /* RMEpisodeDetailViewController.swift */,
				E1A2650E297AB84F00990A92 /* RMSearchViewController.swift */,
			);
			path = Other;
			sourceTree = "<group>";
		};
		E1B43BB5297FF895003F014C /* EpisodeDetails */ = {
			isa = PBXGroup;
			children = (
				E16D104A2979A8FA00AEB6B9 /* RMEpisodeDetailView.swift */,
				E1B43BB6297FF8E3003F014C /* RMEpisodeInfoCollectionViewCell.swift */,
			);
			path = EpisodeDetails;
			sourceTree = "<group>";
		};
		E1B43BB8297FF908003F014C /* EpisodeDetail */ = {
			isa = PBXGroup;
			children = (
				E16D10482979A86000AEB6B9 /* RMEpisodeDetailViewViewModel.swift */,
				E1B43BB9297FF936003F014C /* RMEpisodeInfoCollectionViewCellViewModel.swift */,
			);
			path = EpisodeDetail;
			sourceTree = "<group>";
		};
/* End PBXGroup section */

/* Begin PBXNativeTarget section */
		E1A279472959C5B1001C64DB /* gitPullTests */ = {
			isa = PBXNativeTarget;
			buildConfigurationList = E1A2795C2959C5B4001C64DB /* Build configuration list for PBXNativeTarget "gitPullTests" */;
			buildPhases = (
				E1A279442959C5B1001C64DB /* Sources */,
				E1A279452959C5B1001C64DB /* Frameworks */,
				E1A279462959C5B1001C64DB /* Resources */,
			);
			buildRules = (
			);
			dependencies = (
			);
			name = gitPullTests;
			productName = gitPullTests;
			productReference = E1A279482959C5B1001C64DB /* gitPullTests.app */;
			productType = "com.apple.product-type.application";
		};
/* End PBXNativeTarget section */

/* Begin PBXProject section */
		E1A279402959C5B1001C64DB /* Project object */ = {
			isa = PBXProject;
			attributes = {
				BuildIndependentTargetsInParallel = 1;
				LastSwiftUpdateCheck = 1400;
				LastUpgradeCheck = 1400;
				TargetAttributes = {
					E1A279472959C5B1001C64DB = {
						CreatedOnToolsVersion = 14.0;
					};
				};
			};
			buildConfigurationList = E1A279432959C5B1001C64DB /* Build configuration list for PBXProject "gitPullTests" */;
			compatibilityVersion = "Xcode 14.0";
			developmentRegion = en;
			hasScannedForEncodings = 0;
			knownRegions = (
				en,
				Base,
			);
			mainGroup = E1A2793F2959C5B1001C64DB;
			productRefGroup = E1A279492959C5B1001C64DB /* Products */;
			projectDirPath = "";
			projectRoot = "";
			targets = (
				E1A279472959C5B1001C64DB /* gitPullTests */,
			);
		};
/* End PBXProject section */

/* Begin PBXResourcesBuildPhase section */
		E1A279462959C5B1001C64DB /* Resources */ = {
			isa = PBXResourcesBuildPhase;
			buildActionMask = 2147483647;
			files = (
				E1A279582959C5B4001C64DB /* LaunchScreen.storyboard in Resources */,
				E1A279552959C5B4001C64DB /* Assets.xcassets in Resources */,
			);
			runOnlyForDeploymentPostprocessing = 0;
		};
/* End PBXResourcesBuildPhase section */

/* Begin PBXSourcesBuildPhase section */
		E1A279442959C5B1001C64DB /* Sources */ = {
			isa = PBXSourcesBuildPhase;
			buildActionMask = 2147483647;
			files = (
				E17BA0B1295F11A000ED55BC /* RMOrigin.swift in Sources */,
				E1B3345C296D89190041D40E /* RMCharacterDetailViewViewModel.swift in Sources */,
				E1DCE527297176BD00BC1045 /* RMImageLoader.swift in Sources */,
				E1A2650F297AB85000990A92 /* RMSearchViewController.swift in Sources */,
				E17BA0B3295F125300ED55BC /* RMSingleLocation.swift in Sources */,
				E19DFCD62965D04B00C77D47 /* RMCharacterListView.swift in Sources */,
				E19DFCD22965B4BA00C77D47 /* RMGetAllCharactersResponse.swift in Sources */,
				E17BA0B5295F13C000ED55BC /* RMCharacterStatus.swift in Sources */,
				E17BA0B7295F146A00ED55BC /* RMCharacterGender.swift in Sources */,
				E1B33458296D87F60041D40E /* RMCharacterDetailViewController.swift in Sources */,
				E16D104E2979B8C900AEB6B9 /* RMEpisodeListView.swift in Sources */,
				E1B3345E296DDA7E0041D40E /* RMFooterLoadingCollectionReusableView.swift in Sources */,
				E195766D295C648C004D9AA5 /* RMLocationViewController.swift in Sources */,
				E12545592976B07300871FCC /* RMCharacterInfoCollectionViewCell.swift in Sources */,
				E16359952982913100DC282F /* RMSettingsViewViewModel.swift in Sources */,
				E12B6558295C59EF00F6150F /* RMEpisode.swift in Sources */,
				E1A279502959C5B1001C64DB /* RMTabBarController.swift in Sources */,
				E12545602976B14100871FCC /* RMCharacterInfoCollectionViewCellViewModel.swift in Sources */,
				E1635999298292DE00DC282F /* RMSettingsOption.swift in Sources */,
				E1989F19296742AC000286AA /* RMCharacterCollectionViewCell.swift in Sources */,
				E195766F295C649D004D9AA5 /* RMEpisodeViewController.swift in Sources */,
				E1A2794C2959C5B1001C64DB /* AppDelegate.swift in Sources */,
				E1A2794E2959C5B1001C64DB /* SceneDelegate.swift in Sources */,
				E12545572976B05300871FCC /* RMCharacterPhotoCollectionViewCell.swift in Sources */,
				E12545622976B16600871FCC /* RMCharacterEpisodeCollectionViewCellViewModel.swift in Sources */,
				E16359972982918500DC282F /* RMSettingsCellViewModel.swift in Sources */,
				E163599C2982A78F00DC282F /* RMSettingsView.swift in Sources */,
				E1957671295C64B0004D9AA5 /* RMSettingsViewController.swift in Sources */,
				E1989F1729672B91000286AA /* Extensions.swift in Sources */,
				E125455E2976B10400871FCC /* RMCharacterPhotoCollectionViewCellViewModel.swift in Sources */,
				E17DF2FB295EFB75006C1B4D /* RMService.swift in Sources */,
				E12B6554295C59B700F6150F /* RMLocation.swift in Sources */,
				E17BA0AF295EFE8300ED55BC /* RMEndpoint.swift in Sources */,
				E16D10452979589900AEB6B9 /* RMEpisodeDetailViewController.swift in Sources */,
				E16D10522979CD0D00AEB6B9 /* FileRMGetAllEpisodesResponse.swift in Sources */,
				E16D104B2979A8FA00AEB6B9 /* RMEpisodeDetailView.swift in Sources */,
				E12B6556295C59D100F6150F /* RMCharacter.swift in Sources */,
				E1691DA9296C6EF300E0EFF4 /* RMCharacterCollectionViewCellViewModel.swift in Sources */,
				E17DF2FD295EFB88006C1B4D /* RMRequest.swift in Sources */,
				E12B655B295C5A8400F6150F /* RMCharacterViewController.swift in Sources */,
				E125455B2976B08B00871FCC /* RMCharacterEpisodeCollectionViewCell.swift in Sources */,
				E19DFCD42965CF9D00C77D47 /* RMCharacterListViewViewModel.swift in Sources */,
				E16D10502979BE5800AEB6B9 /* RMEpisodeListViewViewModel.swift in Sources */,
				E16D104729799E2200AEB6B9 /* RMAPICacheManager.swift in Sources */,
				E1B43BBA297FF936003F014C /* RMEpisodeInfoCollectionViewCellViewModel.swift in Sources */,
				E1B43BB7297FF8E3003F014C /* RMEpisodeInfoCollectionViewCell.swift in Sources */,
				E16D10492979A86000AEB6B9 /* RMEpisodeDetailViewViewModel.swift in Sources */,
				E1B3345A296D88EF0041D40E /* RMCharacterDetailView.swift in Sources */,
			);
			runOnlyForDeploymentPostprocessing = 0;
		};
/* End PBXSourcesBuildPhase section */

/* Begin PBXVariantGroup section */
		E1A279562959C5B4001C64DB /* LaunchScreen.storyboard */ = {
			isa = PBXVariantGroup;
			children = (
				E1A279572959C5B4001C64DB /* Base */,
			);
			name = LaunchScreen.storyboard;
			sourceTree = "<group>";
		};
/* End PBXVariantGroup section */

/* Begin XCBuildConfiguration section */
		E1A2795A2959C5B4001C64DB /* Debug */ = {
			isa = XCBuildConfiguration;
			buildSettings = {
				ALWAYS_SEARCH_USER_PATHS = NO;
				CLANG_ANALYZER_NONNULL = YES;
				CLANG_ANALYZER_NUMBER_OBJECT_CONVERSION = YES_AGGRESSIVE;
				CLANG_CXX_LANGUAGE_STANDARD = "gnu++20";
				CLANG_ENABLE_MODULES = YES;
				CLANG_ENABLE_OBJC_ARC = YES;
				CLANG_ENABLE_OBJC_WEAK = YES;
				CLANG_WARN_BLOCK_CAPTURE_AUTORELEASING = YES;
				CLANG_WARN_BOOL_CONVERSION = YES;
				CLANG_WARN_COMMA = YES;
				CLANG_WARN_CONSTANT_CONVERSION = YES;
				CLANG_WARN_DEPRECATED_OBJC_IMPLEMENTATIONS = YES;
				CLANG_WARN_DIRECT_OBJC_ISA_USAGE = YES_ERROR;
				CLANG_WARN_DOCUMENTATION_COMMENTS = YES;
				CLANG_WARN_EMPTY_BODY = YES;
				CLANG_WARN_ENUM_CONVERSION = YES;
				CLANG_WARN_INFINITE_RECURSION = YES;
				CLANG_WARN_INT_CONVERSION = YES;
				CLANG_WARN_NON_LITERAL_NULL_CONVERSION = YES;
				CLANG_WARN_OBJC_IMPLICIT_RETAIN_SELF = YES;
				CLANG_WARN_OBJC_LITERAL_CONVERSION = YES;
				CLANG_WARN_OBJC_ROOT_CLASS = YES_ERROR;
				CLANG_WARN_QUOTED_INCLUDE_IN_FRAMEWORK_HEADER = YES;
				CLANG_WARN_RANGE_LOOP_ANALYSIS = YES;
				CLANG_WARN_STRICT_PROTOTYPES = YES;
				CLANG_WARN_SUSPICIOUS_MOVE = YES;
				CLANG_WARN_UNGUARDED_AVAILABILITY = YES_AGGRESSIVE;
				CLANG_WARN_UNREACHABLE_CODE = YES;
				CLANG_WARN__DUPLICATE_METHOD_MATCH = YES;
				COPY_PHASE_STRIP = NO;
				DEBUG_INFORMATION_FORMAT = dwarf;
				ENABLE_STRICT_OBJC_MSGSEND = YES;
				ENABLE_TESTABILITY = YES;
				GCC_C_LANGUAGE_STANDARD = gnu11;
				GCC_DYNAMIC_NO_PIC = NO;
				GCC_NO_COMMON_BLOCKS = YES;
				GCC_OPTIMIZATION_LEVEL = 0;
				GCC_PREPROCESSOR_DEFINITIONS = (
					"DEBUG=1",
					"$(inherited)",
				);
				GCC_WARN_64_TO_32_BIT_CONVERSION = YES;
				GCC_WARN_ABOUT_RETURN_TYPE = YES_ERROR;
				GCC_WARN_UNDECLARED_SELECTOR = YES;
				GCC_WARN_UNINITIALIZED_AUTOS = YES_AGGRESSIVE;
				GCC_WARN_UNUSED_FUNCTION = YES;
				GCC_WARN_UNUSED_VARIABLE = YES;
				IPHONEOS_DEPLOYMENT_TARGET = 16.0;
				MTL_ENABLE_DEBUG_INFO = INCLUDE_SOURCE;
				MTL_FAST_MATH = YES;
				ONLY_ACTIVE_ARCH = YES;
				SDKROOT = iphoneos;
				SWIFT_ACTIVE_COMPILATION_CONDITIONS = DEBUG;
				SWIFT_OPTIMIZATION_LEVEL = "-Onone";
			};
			name = Debug;
		};
		E1A2795B2959C5B4001C64DB /* Release */ = {
			isa = XCBuildConfiguration;
			buildSettings = {
				ALWAYS_SEARCH_USER_PATHS = NO;
				CLANG_ANALYZER_NONNULL = YES;
				CLANG_ANALYZER_NUMBER_OBJECT_CONVERSION = YES_AGGRESSIVE;
				CLANG_CXX_LANGUAGE_STANDARD = "gnu++20";
				CLANG_ENABLE_MODULES = YES;
				CLANG_ENABLE_OBJC_ARC = YES;
				CLANG_ENABLE_OBJC_WEAK = YES;
				CLANG_WARN_BLOCK_CAPTURE_AUTORELEASING = YES;
				CLANG_WARN_BOOL_CONVERSION = YES;
				CLANG_WARN_COMMA = YES;
				CLANG_WARN_CONSTANT_CONVERSION = YES;
				CLANG_WARN_DEPRECATED_OBJC_IMPLEMENTATIONS = YES;
				CLANG_WARN_DIRECT_OBJC_ISA_USAGE = YES_ERROR;
				CLANG_WARN_DOCUMENTATION_COMMENTS = YES;
				CLANG_WARN_EMPTY_BODY = YES;
				CLANG_WARN_ENUM_CONVERSION = YES;
				CLANG_WARN_INFINITE_RECURSION = YES;
				CLANG_WARN_INT_CONVERSION = YES;
				CLANG_WARN_NON_LITERAL_NULL_CONVERSION = YES;
				CLANG_WARN_OBJC_IMPLICIT_RETAIN_SELF = YES;
				CLANG_WARN_OBJC_LITERAL_CONVERSION = YES;
				CLANG_WARN_OBJC_ROOT_CLASS = YES_ERROR;
				CLANG_WARN_QUOTED_INCLUDE_IN_FRAMEWORK_HEADER = YES;
				CLANG_WARN_RANGE_LOOP_ANALYSIS = YES;
				CLANG_WARN_STRICT_PROTOTYPES = YES;
				CLANG_WARN_SUSPICIOUS_MOVE = YES;
				CLANG_WARN_UNGUARDED_AVAILABILITY = YES_AGGRESSIVE;
				CLANG_WARN_UNREACHABLE_CODE = YES;
				CLANG_WARN__DUPLICATE_METHOD_MATCH = YES;
				COPY_PHASE_STRIP = NO;
				DEBUG_INFORMATION_FORMAT = "dwarf-with-dsym";
				ENABLE_NS_ASSERTIONS = NO;
				ENABLE_STRICT_OBJC_MSGSEND = YES;
				GCC_C_LANGUAGE_STANDARD = gnu11;
				GCC_NO_COMMON_BLOCKS = YES;
				GCC_WARN_64_TO_32_BIT_CONVERSION = YES;
				GCC_WARN_ABOUT_RETURN_TYPE = YES_ERROR;
				GCC_WARN_UNDECLARED_SELECTOR = YES;
				GCC_WARN_UNINITIALIZED_AUTOS = YES_AGGRESSIVE;
				GCC_WARN_UNUSED_FUNCTION = YES;
				GCC_WARN_UNUSED_VARIABLE = YES;
				IPHONEOS_DEPLOYMENT_TARGET = 16.0;
				MTL_ENABLE_DEBUG_INFO = NO;
				MTL_FAST_MATH = YES;
				SDKROOT = iphoneos;
				SWIFT_COMPILATION_MODE = wholemodule;
				SWIFT_OPTIMIZATION_LEVEL = "-O";
				VALIDATE_PRODUCT = YES;
			};
			name = Release;
		};
		E1A2795D2959C5B4001C64DB /* Debug */ = {
			isa = XCBuildConfiguration;
			buildSettings = {
				ASSETCATALOG_COMPILER_APPICON_NAME = AppIcon;
				ASSETCATALOG_COMPILER_GLOBAL_ACCENT_COLOR_NAME = AccentColor;
				CODE_SIGN_STYLE = Automatic;
				CURRENT_PROJECT_VERSION = 1;
				DEVELOPMENT_TEAM = H2XFH58KK6;
				GENERATE_INFOPLIST_FILE = YES;
				INFOPLIST_FILE = gitPullTests/Info.plist;
				INFOPLIST_KEY_UIApplicationSupportsIndirectInputEvents = YES;
				INFOPLIST_KEY_UILaunchStoryboardName = LaunchScreen;
				INFOPLIST_KEY_UISupportedInterfaceOrientations_iPad = "UIInterfaceOrientationPortrait UIInterfaceOrientationPortraitUpsideDown UIInterfaceOrientationLandscapeLeft UIInterfaceOrientationLandscapeRight";
				INFOPLIST_KEY_UISupportedInterfaceOrientations_iPhone = "UIInterfaceOrientationPortrait UIInterfaceOrientationLandscapeLeft UIInterfaceOrientationLandscapeRight";
				LD_RUNPATH_SEARCH_PATHS = (
					"$(inherited)",
					"@executable_path/Frameworks",
				);
				MARKETING_VERSION = 1.0;
				PRODUCT_BUNDLE_IDENTIFIER = com.ekremyalcin.gitPullTests;
				PRODUCT_NAME = "$(TARGET_NAME)";
				SWIFT_EMIT_LOC_STRINGS = YES;
				SWIFT_VERSION = 5.0;
				TARGETED_DEVICE_FAMILY = "1,2";
			};
			name = Debug;
		};
		E1A2795E2959C5B4001C64DB /* Release */ = {
			isa = XCBuildConfiguration;
			buildSettings = {
				ASSETCATALOG_COMPILER_APPICON_NAME = AppIcon;
				ASSETCATALOG_COMPILER_GLOBAL_ACCENT_COLOR_NAME = AccentColor;
				CODE_SIGN_STYLE = Automatic;
				CURRENT_PROJECT_VERSION = 1;
				DEVELOPMENT_TEAM = H2XFH58KK6;
				GENERATE_INFOPLIST_FILE = YES;
				INFOPLIST_FILE = gitPullTests/Info.plist;
				INFOPLIST_KEY_UIApplicationSupportsIndirectInputEvents = YES;
				INFOPLIST_KEY_UILaunchStoryboardName = LaunchScreen;
				INFOPLIST_KEY_UISupportedInterfaceOrientations_iPad = "UIInterfaceOrientationPortrait UIInterfaceOrientationPortraitUpsideDown UIInterfaceOrientationLandscapeLeft UIInterfaceOrientationLandscapeRight";
				INFOPLIST_KEY_UISupportedInterfaceOrientations_iPhone = "UIInterfaceOrientationPortrait UIInterfaceOrientationLandscapeLeft UIInterfaceOrientationLandscapeRight";
				LD_RUNPATH_SEARCH_PATHS = (
					"$(inherited)",
					"@executable_path/Frameworks",
				);
				MARKETING_VERSION = 1.0;
				PRODUCT_BUNDLE_IDENTIFIER = com.ekremyalcin.gitPullTests;
				PRODUCT_NAME = "$(TARGET_NAME)";
				SWIFT_EMIT_LOC_STRINGS = YES;
				SWIFT_VERSION = 5.0;
				TARGETED_DEVICE_FAMILY = "1,2";
			};
			name = Release;
		};
/* End XCBuildConfiguration section */

/* Begin XCConfigurationList section */
		E1A279432959C5B1001C64DB /* Build configuration list for PBXProject "gitPullTests" */ = {
			isa = XCConfigurationList;
			buildConfigurations = (
				E1A2795A2959C5B4001C64DB /* Debug */,
				E1A2795B2959C5B4001C64DB /* Release */,
			);
			defaultConfigurationIsVisible = 0;
			defaultConfigurationName = Release;
		};
		E1A2795C2959C5B4001C64DB /* Build configuration list for PBXNativeTarget "gitPullTests" */ = {
			isa = XCConfigurationList;
			buildConfigurations = (
				E1A2795D2959C5B4001C64DB /* Debug */,
				E1A2795E2959C5B4001C64DB /* Release */,
			);
			defaultConfigurationIsVisible = 0;
			defaultConfigurationName = Release;
		};
/* End XCConfigurationList section */
	};
	rootObject = E1A279402959C5B1001C64DB /* Project object */;
}
